{
  "name": "golice-base-main",
  "lockfileVersion": 2,
  "requires": true,
  "packages": {
    "": {
      "dependencies": {
        "@swup/body-class-plugin": "^1.0.2"
      }
    },
    "node_modules/@swup/body-class-plugin": {
      "version": "1.0.2",
      "resolved": "https://registry.npmjs.org/@swup/body-class-plugin/-/body-class-plugin-1.0.2.tgz",
      "integrity": "sha512-fzK/sY1QeDJje0mNgPuETRmdLOrdJZzoG96GTcTEjBATXAjDbcGvodCCRDE8eNYQMWayHD2Lks4avV9e5cvQ7A==",
      "dependencies": {
        "@swup/plugin": "^1.0.0"
      }
    },
    "node_modules/@swup/plugin": {
      "version": "1.0.1",
      "resolved": "https://registry.npmjs.org/@swup/plugin/-/plugin-1.0.1.tgz",
      "integrity": "sha512-QrTGn1DLx+50CNsk6oGzUFnyNyLkDK6iLb032qKImmAXS+0Dd1cwa8cSGvJ+I27J4qR8y6oJNurgHIEc6ZCTrg=="
    }
  },
  "dependencies": {
    "@swup/body-class-plugin": {
      "version": "1.0.2",
      "resolved": "https://registry.npmjs.org/@swup/body-class-plugin/-/body-class-plugin-1.0.2.tgz",
      "integrity": "sha512-fzK/sY1QeDJje0mNgPuETRmdLOrdJZzoG96GTcTEjBATXAjDbcGvodCCRDE8eNYQMWayHD2Lks4avV9e5cvQ7A==",
      "requires": {
        "@swup/plugin": "^1.0.0"
      }
    },
    "@swup/plugin": {
      "version": "1.0.1",
      "resolved": "https://registry.npmjs.org/@swup/plugin/-/plugin-1.0.1.tgz",
      "integrity": "sha512-QrTGn1DLx+50CNsk6oGzUFnyNyLkDK6iLb032qKImmAXS+0Dd1cwa8cSGvJ+I27J4qR8y6oJNurgHIEc6ZCTrg=="
    }
  }
}
